// !$*UTF8*$!
{
	archiveVersion = 1;
	classes = {
	};
	objectVersion = 51;
	objects = {

/* Begin PBXBuildFile section */
		B751CBD725A3A7B300919820 /* CustomImage.swift in Sources */ = {isa = PBXBuildFile; fileRef = B751CBD625A3A7B300919820 /* CustomImage.swift */; };
		B751CBE225A44A6F00919820 /* LikeButtonUIButton.swift in Sources */ = {isa = PBXBuildFile; fileRef = B751CBE125A44A6F00919820 /* LikeButtonUIButton.swift */; };
		B751CBF525B46F8B00919820 /* CharPicker.swift in Sources */ = {isa = PBXBuildFile; fileRef = B751CBF425B46F8B00919820 /* CharPicker.swift */; };
		B76069D625920427005E1F03 /* AppDelegate.swift in Sources */ = {isa = PBXBuildFile; fileRef = B76069D525920427005E1F03 /* AppDelegate.swift */; };
		B76069D825920427005E1F03 /* SceneDelegate.swift in Sources */ = {isa = PBXBuildFile; fileRef = B76069D725920427005E1F03 /* SceneDelegate.swift */; };
		B76069DD25920427005E1F03 /* Main.storyboard in Resources */ = {isa = PBXBuildFile; fileRef = B76069DB25920427005E1F03 /* Main.storyboard */; };
		B76069DF25920427005E1F03 /* Assets.xcassets in Resources */ = {isa = PBXBuildFile; fileRef = B76069DE25920427005E1F03 /* Assets.xcassets */; };
		B76069E225920427005E1F03 /* LaunchScreen.storyboard in Resources */ = {isa = PBXBuildFile; fileRef = B76069E025920427005E1F03 /* LaunchScreen.storyboard */; };
		B76069EC259204BA005E1F03 /* LoginVC.swift in Sources */ = {isa = PBXBuildFile; fileRef = B76069EB259204BA005E1F03 /* LoginVC.swift */; };
		B768A04E25CC19B4005C069E /* AppExtensions.swift in Sources */ = {isa = PBXBuildFile; fileRef = B768A04D25CC19B4005C069E /* AppExtensions.swift */; };
		B768A06525D01E02005C069E /* Session.swift in Sources */ = {isa = PBXBuildFile; fileRef = B768A06425D01E02005C069E /* Session.swift */; };
		B768A07025D03500005C069E /* CatLoadingView.swift in Sources */ = {isa = PBXBuildFile; fileRef = B768A06F25D03500005C069E /* CatLoadingView.swift */; };
		B768A07725D5412E005C069E /* NetworkManager.swift in Sources */ = {isa = PBXBuildFile; fileRef = B768A07625D5412E005C069E /* NetworkManager.swift */; };
		B768A07A25D5444F005C069E /* WKViewController.swift in Sources */ = {isa = PBXBuildFile; fileRef = B768A07925D5444F005C069E /* WKViewController.swift */; };
		B769DBEA25C96D8E00E0E864 /* CustomNavigationController.swift in Sources */ = {isa = PBXBuildFile; fileRef = B769DBE925C96D8E00E0E864 /* CustomNavigationController.swift */; };
		B769DBED25C96DA800E0E864 /* PushCustomNC.swift in Sources */ = {isa = PBXBuildFile; fileRef = B769DBEC25C96DA800E0E864 /* PushCustomNC.swift */; };
		B769DBF025C96DCD00E0E864 /* PopCustomNC.swift in Sources */ = {isa = PBXBuildFile; fileRef = B769DBEF25C96DCD00E0E864 /* PopCustomNC.swift */; };
		B769DBF325C9AC6C00E0E864 /* InteractiveTransition.swift in Sources */ = {isa = PBXBuildFile; fileRef = B769DBF225C9AC6C00E0E864 /* InteractiveTransition.swift */; };
		B777C46D2639C89200C3711A /* Structs.swift in Sources */ = {isa = PBXBuildFile; fileRef = B777C46C2639C89200C3711A /* Structs.swift */; };
		B779555D25950546006E07B1 /* RegistrationVC.swift in Sources */ = {isa = PBXBuildFile; fileRef = B779555C25950546006E07B1 /* RegistrationVC.swift */; };
		B7795564259A45A2006E07B1 /* AllGroupsTableViewController.swift in Sources */ = {isa = PBXBuildFile; fileRef = B7795563259A45A2006E07B1 /* AllGroupsTableViewController.swift */; };
		B7795568259A45D0006E07B1 /* AllGroupsTableViewCell.swift in Sources */ = {isa = PBXBuildFile; fileRef = B7795567259A45D0006E07B1 /* AllGroupsTableViewCell.swift */; };
		B779556C259A62DB006E07B1 /* MyGroupsTableViewController.swift in Sources */ = {isa = PBXBuildFile; fileRef = B779556B259A62DB006E07B1 /* MyGroupsTableViewController.swift */; };
		B779556F259A62F9006E07B1 /* MyGroupsTableViewCell.swift in Sources */ = {isa = PBXBuildFile; fileRef = B779556E259A62F9006E07B1 /* MyGroupsTableViewCell.swift */; };
		B779557E259A7238006E07B1 /* FriendPhotoCollectionViewController.swift in Sources */ = {isa = PBXBuildFile; fileRef = B779557D259A7238006E07B1 /* FriendPhotoCollectionViewController.swift */; };
		B7795586259A7604006E07B1 /* FriendPhotoCollectionViewCell.swift in Sources */ = {isa = PBXBuildFile; fileRef = B7795585259A7604006E07B1 /* FriendPhotoCollectionViewCell.swift */; };
		B779558A259B500B006E07B1 /* FriendListTableViewController.swift in Sources */ = {isa = PBXBuildFile; fileRef = B7795589259B500B006E07B1 /* FriendListTableViewController.swift */; };
		B779558D259B5027006E07B1 /* MyFriendsTableViewCell.swift in Sources */ = {isa = PBXBuildFile; fileRef = B779558C259B5027006E07B1 /* MyFriendsTableViewCell.swift */; };
		B79B16CA25DEFF91001DA787 /* Photos.swift in Sources */ = {isa = PBXBuildFile; fileRef = B79B16C925DEFF91001DA787 /* Photos.swift */; };
		B79B16CE25DF280F001DA787 /* Profile.swift in Sources */ = {isa = PBXBuildFile; fileRef = B79B16CD25DF280F001DA787 /* Profile.swift */; };
		B79B16D125DFE644001DA787 /* Group.swift in Sources */ = {isa = PBXBuildFile; fileRef = B79B16D025DFE644001DA787 /* Group.swift */; };
		B79B16E525F79B3A001DA787 /* RealmManager.swift in Sources */ = {isa = PBXBuildFile; fileRef = B79B16E425F79B39001DA787 /* RealmManager.swift */; };
		B7CA8CF225C19CB100CE256A /* FullScreenPhotoVC.swift in Sources */ = {isa = PBXBuildFile; fileRef = B7CA8CF125C19CB100CE256A /* FullScreenPhotoVC.swift */; };
		B7D6A61326374A7100171F92 /* NewsPostTableViewCell.swift in Sources */ = {isa = PBXBuildFile; fileRef = B7D6A61226374A7100171F92 /* NewsPostTableViewCell.swift */; };
		B7FB6D882603A142005B31C8 /* SingleAlbumCollectionViewLayout.swift in Sources */ = {isa = PBXBuildFile; fileRef = B7FB6D872603A142005B31C8 /* SingleAlbumCollectionViewLayout.swift */; };
		B7FB6DA82607A8E1005B31C8 /* GradienView.swift in Sources */ = {isa = PBXBuildFile; fileRef = B7FB6DA72607A8E1005B31C8 /* GradienView.swift */; };
		B7FB6DB02607E0DB005B31C8 /* NewsViewController.swift in Sources */ = {isa = PBXBuildFile; fileRef = B7FB6DAF2607E0DB005B31C8 /* NewsViewController.swift */; };
		B7FB6DBC2607E463005B31C8 /* Constants.swift in Sources */ = {isa = PBXBuildFile; fileRef = B7FB6DBB2607E463005B31C8 /* Constants.swift */; };
		B7FB6E19260A218C005B31C8 /* NewsHeaderView.swift in Sources */ = {isa = PBXBuildFile; fileRef = B7FB6E18260A218C005B31C8 /* NewsHeaderView.swift */; };
		B7FB6E1D260A21A2005B31C8 /* NewsFooterView.swift in Sources */ = {isa = PBXBuildFile; fileRef = B7FB6E1C260A21A2005B31C8 /* NewsFooterView.swift */; };
		B7FB6E20260A21B5005B31C8 /* NewsFooterView.xib in Resources */ = {isa = PBXBuildFile; fileRef = B7FB6E1F260A21B5005B31C8 /* NewsFooterView.xib */; };
		B7FB6E23260A21C7005B31C8 /* NewsHeaderView.xib in Resources */ = {isa = PBXBuildFile; fileRef = B7FB6E22260A21C7005B31C8 /* NewsHeaderView.xib */; };
		B7FB6E52260B7E17005B31C8 /* NewsPhotoTableViewCell.swift in Sources */ = {isa = PBXBuildFile; fileRef = B7FB6E50260B7E17005B31C8 /* NewsPhotoTableViewCell.swift */; };
		B7FB6E53260B7E17005B31C8 /* NewsPhotoTableViewCell.xib in Resources */ = {isa = PBXBuildFile; fileRef = B7FB6E51260B7E17005B31C8 /* NewsPhotoTableViewCell.xib */; };
		B7FB6E6A260E7907005B31C8 /* NewsfeedService.swift in Sources */ = {isa = PBXBuildFile; fileRef = B7FB6E69260E7907005B31C8 /* NewsfeedService.swift */; };
		B7FB6E6D260E826E005B31C8 /* NewsPostModel.swift in Sources */ = {isa = PBXBuildFile; fileRef = B7FB6E6C260E826E005B31C8 /* NewsPostModel.swift */; };
		B7FB6E70260E828B005B31C8 /* NewsPhotoModel.swift in Sources */ = {isa = PBXBuildFile; fileRef = B7FB6E6F260E828B005B31C8 /* NewsPhotoModel.swift */; };
		B7FB6E80260F8C0D005B31C8 /* Likes.swift in Sources */ = {isa = PBXBuildFile; fileRef = B7FB6E7F260F8C0D005B31C8 /* Likes.swift */; };
		B7FB6E84260F93A5005B31C8 /* Comments.swift in Sources */ = {isa = PBXBuildFile; fileRef = B7FB6E83260F93A5005B31C8 /* Comments.swift */; };
		B7FB6E87260F9647005B31C8 /* Reposts.swift in Sources */ = {isa = PBXBuildFile; fileRef = B7FB6E86260F9647005B31C8 /* Reposts.swift */; };
		B7FB6E8A260F9762005B31C8 /* Views.swift in Sources */ = {isa = PBXBuildFile; fileRef = B7FB6E89260F9762005B31C8 /* Views.swift */; };
		B7FB6E96261C71B0005B31C8 /* AsyncOperation.swift in Sources */ = {isa = PBXBuildFile; fileRef = B7FB6E95261C71AF005B31C8 /* AsyncOperation.swift */; };
		B7FB6E9A261C7470005B31C8 /* RequestDataOperation.swift in Sources */ = {isa = PBXBuildFile; fileRef = B7FB6E99261C7470005B31C8 /* RequestDataOperation.swift */; };
		B7FB6E9D261C7D51005B31C8 /* ParseDataOperation.swift in Sources */ = {isa = PBXBuildFile; fileRef = B7FB6E9C261C7D51005B31C8 /* ParseDataOperation.swift */; };
		B7FB6EA0261C813B005B31C8 /* SavingToRealmOperation.swift in Sources */ = {isa = PBXBuildFile; fileRef = B7FB6E9F261C813B005B31C8 /* SavingToRealmOperation.swift */; };
		B7FB6EE42620AD81005B31C8 /* PhotoService.swift in Sources */ = {isa = PBXBuildFile; fileRef = B7FB6EE32620AD81005B31C8 /* PhotoService.swift */; };
		B7FFEECE25D58363006959EC /* WebKit.framework in Frameworks */ = {isa = PBXBuildFile; fileRef = B7FFEECD25D58363006959EC /* WebKit.framework */; };
		B7FFEED125DBFF8C006959EC /* User.swift in Sources */ = {isa = PBXBuildFile; fileRef = B7FFEED025DBFF8C006959EC /* User.swift */; };
		F93254088670A60AFF7D2476 /* Pods_VKapp.framework in Frameworks */ = {isa = PBXBuildFile; fileRef = 9E38BF168BE93A3F0089FA6F /* Pods_VKapp.framework */; };
/* End PBXBuildFile section */

/* Begin PBXFileReference section */
		14E6AF7D5EBE48DF0B96F8A4 /* Pods-VKapp.release.xcconfig */ = {isa = PBXFileReference; includeInIndex = 1; lastKnownFileType = text.xcconfig; name = "Pods-VKapp.release.xcconfig"; path = "Target Support Files/Pods-VKapp/Pods-VKapp.release.xcconfig"; sourceTree = "<group>"; };
		389D77A31E15EEAA1DB185DD /* Pods-VKapp.debug.xcconfig */ = {isa = PBXFileReference; includeInIndex = 1; lastKnownFileType = text.xcconfig; name = "Pods-VKapp.debug.xcconfig"; path = "Target Support Files/Pods-VKapp/Pods-VKapp.debug.xcconfig"; sourceTree = "<group>"; };
		9E38BF168BE93A3F0089FA6F /* Pods_VKapp.framework */ = {isa = PBXFileReference; explicitFileType = wrapper.framework; includeInIndex = 0; path = Pods_VKapp.framework; sourceTree = BUILT_PRODUCTS_DIR; };
		B751CBD625A3A7B300919820 /* CustomImage.swift */ = {isa = PBXFileReference; lastKnownFileType = sourcecode.swift; path = CustomImage.swift; sourceTree = "<group>"; };
		B751CBE125A44A6F00919820 /* LikeButtonUIButton.swift */ = {isa = PBXFileReference; lastKnownFileType = sourcecode.swift; path = LikeButtonUIButton.swift; sourceTree = "<group>"; };
		B751CBF425B46F8B00919820 /* CharPicker.swift */ = {isa = PBXFileReference; lastKnownFileType = sourcecode.swift; path = CharPicker.swift; sourceTree = "<group>"; };
		B76069D225920427005E1F03 /* VKapp.app */ = {isa = PBXFileReference; explicitFileType = wrapper.application; includeInIndex = 0; path = VKapp.app; sourceTree = BUILT_PRODUCTS_DIR; };
		B76069D525920427005E1F03 /* AppDelegate.swift */ = {isa = PBXFileReference; lastKnownFileType = sourcecode.swift; path = AppDelegate.swift; sourceTree = "<group>"; };
		B76069D725920427005E1F03 /* SceneDelegate.swift */ = {isa = PBXFileReference; lastKnownFileType = sourcecode.swift; path = SceneDelegate.swift; sourceTree = "<group>"; };
		B76069DC25920427005E1F03 /* Base */ = {isa = PBXFileReference; lastKnownFileType = file.storyboard; name = Base; path = Base.lproj/Main.storyboard; sourceTree = "<group>"; };
		B76069DE25920427005E1F03 /* Assets.xcassets */ = {isa = PBXFileReference; lastKnownFileType = folder.assetcatalog; path = Assets.xcassets; sourceTree = "<group>"; };
		B76069E125920427005E1F03 /* Base */ = {isa = PBXFileReference; lastKnownFileType = file.storyboard; name = Base; path = Base.lproj/LaunchScreen.storyboard; sourceTree = "<group>"; };
		B76069E325920427005E1F03 /* Info.plist */ = {isa = PBXFileReference; lastKnownFileType = text.plist.xml; path = Info.plist; sourceTree = "<group>"; };
		B76069EB259204BA005E1F03 /* LoginVC.swift */ = {isa = PBXFileReference; lastKnownFileType = sourcecode.swift; path = LoginVC.swift; sourceTree = "<group>"; };
		B768A04D25CC19B4005C069E /* AppExtensions.swift */ = {isa = PBXFileReference; lastKnownFileType = sourcecode.swift; path = AppExtensions.swift; sourceTree = "<group>"; };
		B768A06425D01E02005C069E /* Session.swift */ = {isa = PBXFileReference; lastKnownFileType = sourcecode.swift; path = Session.swift; sourceTree = "<group>"; };
		B768A06F25D03500005C069E /* CatLoadingView.swift */ = {isa = PBXFileReference; lastKnownFileType = sourcecode.swift; path = CatLoadingView.swift; sourceTree = "<group>"; };
		B768A07625D5412E005C069E /* NetworkManager.swift */ = {isa = PBXFileReference; lastKnownFileType = sourcecode.swift; path = NetworkManager.swift; sourceTree = "<group>"; };
		B768A07925D5444F005C069E /* WKViewController.swift */ = {isa = PBXFileReference; lastKnownFileType = sourcecode.swift; path = WKViewController.swift; sourceTree = "<group>"; };
		B769DBE925C96D8E00E0E864 /* CustomNavigationController.swift */ = {isa = PBXFileReference; lastKnownFileType = sourcecode.swift; path = CustomNavigationController.swift; sourceTree = "<group>"; };
		B769DBEC25C96DA800E0E864 /* PushCustomNC.swift */ = {isa = PBXFileReference; lastKnownFileType = sourcecode.swift; path = PushCustomNC.swift; sourceTree = "<group>"; };
		B769DBEF25C96DCD00E0E864 /* PopCustomNC.swift */ = {isa = PBXFileReference; lastKnownFileType = sourcecode.swift; path = PopCustomNC.swift; sourceTree = "<group>"; };
		B769DBF225C9AC6C00E0E864 /* InteractiveTransition.swift */ = {isa = PBXFileReference; lastKnownFileType = sourcecode.swift; path = InteractiveTransition.swift; sourceTree = "<group>"; };
		B777C46C2639C89200C3711A /* Structs.swift */ = {isa = PBXFileReference; lastKnownFileType = sourcecode.swift; path = Structs.swift; sourceTree = "<group>"; };
		B779555C25950546006E07B1 /* RegistrationVC.swift */ = {isa = PBXFileReference; lastKnownFileType = sourcecode.swift; path = RegistrationVC.swift; sourceTree = "<group>"; };
		B7795563259A45A2006E07B1 /* AllGroupsTableViewController.swift */ = {isa = PBXFileReference; lastKnownFileType = sourcecode.swift; path = AllGroupsTableViewController.swift; sourceTree = "<group>"; };
		B7795567259A45D0006E07B1 /* AllGroupsTableViewCell.swift */ = {isa = PBXFileReference; lastKnownFileType = sourcecode.swift; path = AllGroupsTableViewCell.swift; sourceTree = "<group>"; };
		B779556B259A62DB006E07B1 /* MyGroupsTableViewController.swift */ = {isa = PBXFileReference; lastKnownFileType = sourcecode.swift; path = MyGroupsTableViewController.swift; sourceTree = "<group>"; };
		B779556E259A62F9006E07B1 /* MyGroupsTableViewCell.swift */ = {isa = PBXFileReference; lastKnownFileType = sourcecode.swift; path = MyGroupsTableViewCell.swift; sourceTree = "<group>"; };
		B779557D259A7238006E07B1 /* FriendPhotoCollectionViewController.swift */ = {isa = PBXFileReference; lastKnownFileType = sourcecode.swift; path = FriendPhotoCollectionViewController.swift; sourceTree = "<group>"; };
		B7795585259A7604006E07B1 /* FriendPhotoCollectionViewCell.swift */ = {isa = PBXFileReference; lastKnownFileType = sourcecode.swift; path = FriendPhotoCollectionViewCell.swift; sourceTree = "<group>"; };
		B7795589259B500B006E07B1 /* FriendListTableViewController.swift */ = {isa = PBXFileReference; lastKnownFileType = sourcecode.swift; path = FriendListTableViewController.swift; sourceTree = "<group>"; };
		B779558C259B5027006E07B1 /* MyFriendsTableViewCell.swift */ = {isa = PBXFileReference; lastKnownFileType = sourcecode.swift; path = MyFriendsTableViewCell.swift; sourceTree = "<group>"; };
		B79B16C925DEFF91001DA787 /* Photos.swift */ = {isa = PBXFileReference; lastKnownFileType = sourcecode.swift; path = Photos.swift; sourceTree = "<group>"; };
		B79B16CD25DF280F001DA787 /* Profile.swift */ = {isa = PBXFileReference; lastKnownFileType = sourcecode.swift; path = Profile.swift; sourceTree = "<group>"; };
		B79B16D025DFE644001DA787 /* Group.swift */ = {isa = PBXFileReference; lastKnownFileType = sourcecode.swift; path = Group.swift; sourceTree = "<group>"; };
		B79B16E425F79B39001DA787 /* RealmManager.swift */ = {isa = PBXFileReference; lastKnownFileType = sourcecode.swift; path = RealmManager.swift; sourceTree = "<group>"; };
		B7CA8CF125C19CB100CE256A /* FullScreenPhotoVC.swift */ = {isa = PBXFileReference; lastKnownFileType = sourcecode.swift; path = FullScreenPhotoVC.swift; sourceTree = "<group>"; };
		B7D6A61226374A7100171F92 /* NewsPostTableViewCell.swift */ = {isa = PBXFileReference; lastKnownFileType = sourcecode.swift; path = NewsPostTableViewCell.swift; sourceTree = "<group>"; };
		B7FB6D872603A142005B31C8 /* SingleAlbumCollectionViewLayout.swift */ = {isa = PBXFileReference; lastKnownFileType = sourcecode.swift; path = SingleAlbumCollectionViewLayout.swift; sourceTree = "<group>"; };
		B7FB6DA72607A8E1005B31C8 /* GradienView.swift */ = {isa = PBXFileReference; lastKnownFileType = sourcecode.swift; path = GradienView.swift; sourceTree = "<group>"; };
		B7FB6DAF2607E0DB005B31C8 /* NewsViewController.swift */ = {isa = PBXFileReference; lastKnownFileType = sourcecode.swift; path = NewsViewController.swift; sourceTree = "<group>"; };
		B7FB6DBB2607E463005B31C8 /* Constants.swift */ = {isa = PBXFileReference; lastKnownFileType = sourcecode.swift; path = Constants.swift; sourceTree = "<group>"; };
		B7FB6E18260A218C005B31C8 /* NewsHeaderView.swift */ = {isa = PBXFileReference; lastKnownFileType = sourcecode.swift; path = NewsHeaderView.swift; sourceTree = "<group>"; };
		B7FB6E1C260A21A2005B31C8 /* NewsFooterView.swift */ = {isa = PBXFileReference; lastKnownFileType = sourcecode.swift; path = NewsFooterView.swift; sourceTree = "<group>"; };
		B7FB6E1F260A21B5005B31C8 /* NewsFooterView.xib */ = {isa = PBXFileReference; lastKnownFileType = file.xib; path = NewsFooterView.xib; sourceTree = "<group>"; };
		B7FB6E22260A21C7005B31C8 /* NewsHeaderView.xib */ = {isa = PBXFileReference; lastKnownFileType = file.xib; path = NewsHeaderView.xib; sourceTree = "<group>"; };
		B7FB6E50260B7E17005B31C8 /* NewsPhotoTableViewCell.swift */ = {isa = PBXFileReference; lastKnownFileType = sourcecode.swift; path = NewsPhotoTableViewCell.swift; sourceTree = "<group>"; };
		B7FB6E51260B7E17005B31C8 /* NewsPhotoTableViewCell.xib */ = {isa = PBXFileReference; lastKnownFileType = file.xib; path = NewsPhotoTableViewCell.xib; sourceTree = "<group>"; };
		B7FB6E69260E7907005B31C8 /* NewsfeedService.swift */ = {isa = PBXFileReference; lastKnownFileType = sourcecode.swift; path = NewsfeedService.swift; sourceTree = "<group>"; };
		B7FB6E6C260E826E005B31C8 /* NewsPostModel.swift */ = {isa = PBXFileReference; lastKnownFileType = sourcecode.swift; path = NewsPostModel.swift; sourceTree = "<group>"; };
		B7FB6E6F260E828B005B31C8 /* NewsPhotoModel.swift */ = {isa = PBXFileReference; lastKnownFileType = sourcecode.swift; path = NewsPhotoModel.swift; sourceTree = "<group>"; };
		B7FB6E7F260F8C0D005B31C8 /* Likes.swift */ = {isa = PBXFileReference; lastKnownFileType = sourcecode.swift; path = Likes.swift; sourceTree = "<group>"; };
		B7FB6E83260F93A5005B31C8 /* Comments.swift */ = {isa = PBXFileReference; lastKnownFileType = sourcecode.swift; path = Comments.swift; sourceTree = "<group>"; };
		B7FB6E86260F9647005B31C8 /* Reposts.swift */ = {isa = PBXFileReference; lastKnownFileType = sourcecode.swift; path = Reposts.swift; sourceTree = "<group>"; };
		B7FB6E89260F9762005B31C8 /* Views.swift */ = {isa = PBXFileReference; lastKnownFileType = sourcecode.swift; path = Views.swift; sourceTree = "<group>"; };
		B7FB6E95261C71AF005B31C8 /* AsyncOperation.swift */ = {isa = PBXFileReference; lastKnownFileType = sourcecode.swift; path = AsyncOperation.swift; sourceTree = "<group>"; };
		B7FB6E99261C7470005B31C8 /* RequestDataOperation.swift */ = {isa = PBXFileReference; lastKnownFileType = sourcecode.swift; path = RequestDataOperation.swift; sourceTree = "<group>"; };
		B7FB6E9C261C7D51005B31C8 /* ParseDataOperation.swift */ = {isa = PBXFileReference; lastKnownFileType = sourcecode.swift; path = ParseDataOperation.swift; sourceTree = "<group>"; };
		B7FB6E9F261C813B005B31C8 /* SavingToRealmOperation.swift */ = {isa = PBXFileReference; lastKnownFileType = sourcecode.swift; path = SavingToRealmOperation.swift; sourceTree = "<group>"; };
		B7FB6EE32620AD81005B31C8 /* PhotoService.swift */ = {isa = PBXFileReference; lastKnownFileType = sourcecode.swift; path = PhotoService.swift; sourceTree = "<group>"; };
		B7FFEECD25D58363006959EC /* WebKit.framework */ = {isa = PBXFileReference; lastKnownFileType = wrapper.framework; name = WebKit.framework; path = System/Library/Frameworks/WebKit.framework; sourceTree = SDKROOT; };
		B7FFEED025DBFF8C006959EC /* User.swift */ = {isa = PBXFileReference; lastKnownFileType = sourcecode.swift; path = User.swift; sourceTree = "<group>"; };
/* End PBXFileReference section */

/* Begin PBXFrameworksBuildPhase section */
		B76069CF25920427005E1F03 /* Frameworks */ = {
			isa = PBXFrameworksBuildPhase;
			buildActionMask = 2147483647;
			files = (
				B7FFEECE25D58363006959EC /* WebKit.framework in Frameworks */,
				F93254088670A60AFF7D2476 /* Pods_VKapp.framework in Frameworks */,
			);
			runOnlyForDeploymentPostprocessing = 0;
		};
/* End PBXFrameworksBuildPhase section */

/* Begin PBXGroup section */
		B4A8C07F621E1FB09BF7C017 /* Frameworks */ = {
			isa = PBXGroup;
			children = (
				B7FFEECD25D58363006959EC /* WebKit.framework */,
				9E38BF168BE93A3F0089FA6F /* Pods_VKapp.framework */,
			);
			name = Frameworks;
			sourceTree = "<group>";
		};
		B6C201E2C834AFA385DA38AF /* Pods */ = {
			isa = PBXGroup;
			children = (
				389D77A31E15EEAA1DB185DD /* Pods-VKapp.debug.xcconfig */,
				14E6AF7D5EBE48DF0B96F8A4 /* Pods-VKapp.release.xcconfig */,
			);
			path = Pods;
			sourceTree = "<group>";
		};
		B751CBE425A4634D00919820 /* CustomUI */ = {
			isa = PBXGroup;
			children = (
				B7FB6DAA2607AA8A005B31C8 /* Transitions */,
				B7FB6D8A2603B0A9005B31C8 /* CollectionLayout */,
				B78FFB212601224E00C8CF7B /* View */,
				B78FFB1F260121FC00C8CF7B /* Controls */,
				B769DBE825C96D3500E0E864 /* NavigatonController */,
			);
			path = CustomUI;
			sourceTree = "<group>";
		};
		B751CBE525A4636700919820 /* Login */ = {
			isa = PBXGroup;
			children = (
				B779555C25950546006E07B1 /* RegistrationVC.swift */,
				B76069EB259204BA005E1F03 /* LoginVC.swift */,
				B768A07925D5444F005C069E /* WKViewController.swift */,
			);
			path = Login;
			sourceTree = "<group>";
		};
		B76069C925920427005E1F03 = {
			isa = PBXGroup;
			children = (
				B76069D425920427005E1F03 /* VKapp */,
				B76069D325920427005E1F03 /* Products */,
				B6C201E2C834AFA385DA38AF /* Pods */,
				B4A8C07F621E1FB09BF7C017 /* Frameworks */,
			);
			sourceTree = "<group>";
		};
		B76069D325920427005E1F03 /* Products */ = {
			isa = PBXGroup;
			children = (
				B76069D225920427005E1F03 /* VKapp.app */,
			);
			name = Products;
			sourceTree = "<group>";
		};
		B76069D425920427005E1F03 /* VKapp */ = {
			isa = PBXGroup;
			children = (
				B7FB6DAC2607ABDA005B31C8 /* Utility */,
				B7795571259A6C85006E07B1 /* Model */,
				B768A06325D01DEF005C069E /* Networking */,
				B78FFB1E260121AF00C8CF7B /* ViewControllers */,
				B76069E325920427005E1F03 /* Info.plist */,
				B76069D525920427005E1F03 /* AppDelegate.swift */,
				B76069D725920427005E1F03 /* SceneDelegate.swift */,
				B76069DE25920427005E1F03 /* Assets.xcassets */,
				B76069E025920427005E1F03 /* LaunchScreen.storyboard */,
				B76069DB25920427005E1F03 /* Main.storyboard */,
			);
			path = VKapp;
			sourceTree = "<group>";
		};
		B768A06325D01DEF005C069E /* Networking */ = {
			isa = PBXGroup;
			children = (
				B7FB6E94261C719B005B31C8 /* Operations */,
				B7FB6E7E260F8BF3005B31C8 /* Parsers */,
				B768A07625D5412E005C069E /* NetworkManager.swift */,
				B79B16E425F79B39001DA787 /* RealmManager.swift */,
				B768A06425D01E02005C069E /* Session.swift */,
				B7FB6E69260E7907005B31C8 /* NewsfeedService.swift */,
				B7FB6EE32620AD81005B31C8 /* PhotoService.swift */,
			);
			path = Networking;
			sourceTree = "<group>";
		};
		B769DBE825C96D3500E0E864 /* NavigatonController */ = {
			isa = PBXGroup;
			children = (
				B769DBE925C96D8E00E0E864 /* CustomNavigationController.swift */,
				B769DBEC25C96DA800E0E864 /* PushCustomNC.swift */,
				B769DBEF25C96DCD00E0E864 /* PopCustomNC.swift */,
			);
			path = NavigatonController;
			sourceTree = "<group>";
		};
		B7795562259A4344006E07B1 /* AllGroups */ = {
			isa = PBXGroup;
			children = (
				B7FB6E3F260B7216005B31C8 /* Cell */,
				B7795563259A45A2006E07B1 /* AllGroupsTableViewController.swift */,
			);
			path = AllGroups;
			sourceTree = "<group>";
		};
		B779556A259A62AB006E07B1 /* MyGroups */ = {
			isa = PBXGroup;
			children = (
				B7FB6E3E260B720E005B31C8 /* Cell */,
				B779556B259A62DB006E07B1 /* MyGroupsTableViewController.swift */,
			);
			path = MyGroups;
			sourceTree = "<group>";
		};
		B7795571259A6C85006E07B1 /* Model */ = {
			isa = PBXGroup;
			children = (
				B7FFEED025DBFF8C006959EC /* User.swift */,
				B79B16C925DEFF91001DA787 /* Photos.swift */,
				B79B16CD25DF280F001DA787 /* Profile.swift */,
				B79B16D025DFE644001DA787 /* Group.swift */,
				B7FB6E6C260E826E005B31C8 /* NewsPostModel.swift */,
				B7FB6E6F260E828B005B31C8 /* NewsPhotoModel.swift */,
			);
			path = Model;
			sourceTree = "<group>";
		};
		B779557A259A7190006E07B1 /* Groups */ = {
			isa = PBXGroup;
			children = (
				B7795562259A4344006E07B1 /* AllGroups */,
				B779556A259A62AB006E07B1 /* MyGroups */,
			);
			path = Groups;
			sourceTree = "<group>";
		};
		B7795588259B4FE8006E07B1 /* Friends */ = {
			isa = PBXGroup;
			children = (
				B7795589259B500B006E07B1 /* FriendListTableViewController.swift */,
				B7FB6E3D260B71FD005B31C8 /* Cell */,
			);
			path = Friends;
			sourceTree = "<group>";
		};
		B78FFB1E260121AF00C8CF7B /* ViewControllers */ = {
			isa = PBXGroup;
			children = (
				B7FB6E38260B7086005B31C8 /* Photos */,
				B751CBE525A4636700919820 /* Login */,
				B7FB6E14260A2140005B31C8 /* News */,
				B7795588259B4FE8006E07B1 /* Friends */,
				B779557A259A7190006E07B1 /* Groups */,
			);
			path = ViewControllers;
			sourceTree = "<group>";
		};
		B78FFB1F260121FC00C8CF7B /* Controls */ = {
			isa = PBXGroup;
			children = (
				B751CBF425B46F8B00919820 /* CharPicker.swift */,
				B751CBE125A44A6F00919820 /* LikeButtonUIButton.swift */,
			);
			path = Controls;
			sourceTree = "<group>";
		};
		B78FFB212601224E00C8CF7B /* View */ = {
			isa = PBXGroup;
			children = (
				B768A06F25D03500005C069E /* CatLoadingView.swift */,
				B751CBD625A3A7B300919820 /* CustomImage.swift */,
				B7FB6DA72607A8E1005B31C8 /* GradienView.swift */,
			);
			path = View;
			sourceTree = "<group>";
		};
		B7FB6D8A2603B0A9005B31C8 /* CollectionLayout */ = {
			isa = PBXGroup;
			children = (
				B7FB6D872603A142005B31C8 /* SingleAlbumCollectionViewLayout.swift */,
			);
			path = CollectionLayout;
			sourceTree = "<group>";
		};
		B7FB6DAA2607AA8A005B31C8 /* Transitions */ = {
			isa = PBXGroup;
			children = (
				B769DBF225C9AC6C00E0E864 /* InteractiveTransition.swift */,
			);
			path = Transitions;
			sourceTree = "<group>";
		};
		B7FB6DAC2607ABDA005B31C8 /* Utility */ = {
			isa = PBXGroup;
			children = (
				B751CBE425A4634D00919820 /* CustomUI */,
				B768A04D25CC19B4005C069E /* AppExtensions.swift */,
				B7FB6DBB2607E463005B31C8 /* Constants.swift */,
				B777C46C2639C89200C3711A /* Structs.swift */,
			);
			path = Utility;
			sourceTree = "<group>";
		};
		B7FB6E14260A2140005B31C8 /* News */ = {
			isa = PBXGroup;
			children = (
				B7FB6DAF2607E0DB005B31C8 /* NewsViewController.swift */,
				B7FB6E17260A215D005B31C8 /* Cells */,
				B7FB6E15260A2150005B31C8 /* Header */,
				B7FB6E16260A2156005B31C8 /* Footer */,
			);
			path = News;
			sourceTree = "<group>";
		};
		B7FB6E15260A2150005B31C8 /* Header */ = {
			isa = PBXGroup;
			children = (
				B7FB6E18260A218C005B31C8 /* NewsHeaderView.swift */,
				B7FB6E22260A21C7005B31C8 /* NewsHeaderView.xib */,
			);
			path = Header;
			sourceTree = "<group>";
		};
		B7FB6E16260A2156005B31C8 /* Footer */ = {
			isa = PBXGroup;
			children = (
				B7FB6E1C260A21A2005B31C8 /* NewsFooterView.swift */,
				B7FB6E1F260A21B5005B31C8 /* NewsFooterView.xib */,
			);
			path = Footer;
			sourceTree = "<group>";
		};
		B7FB6E17260A215D005B31C8 /* Cells */ = {
			isa = PBXGroup;
			children = (
				B7FB6E50260B7E17005B31C8 /* NewsPhotoTableViewCell.swift */,
				B7FB6E51260B7E17005B31C8 /* NewsPhotoTableViewCell.xib */,
				B7D6A61226374A7100171F92 /* NewsPostTableViewCell.swift */,
			);
			path = Cells;
			sourceTree = "<group>";
		};
		B7FB6E38260B7086005B31C8 /* Photos */ = {
			isa = PBXGroup;
			children = (
				B7FB6E3A260B70A6005B31C8 /* Fullscreen */,
				B7FB6E39260B70A0005B31C8 /* Album */,
			);
			path = Photos;
			sourceTree = "<group>";
		};
		B7FB6E39260B70A0005B31C8 /* Album */ = {
			isa = PBXGroup;
			children = (
				B7FB6E3B260B70D6005B31C8 /* Cell */,
				B779557D259A7238006E07B1 /* FriendPhotoCollectionViewController.swift */,
			);
			path = Album;
			sourceTree = "<group>";
		};
		B7FB6E3A260B70A6005B31C8 /* Fullscreen */ = {
			isa = PBXGroup;
			children = (
				B7CA8CF125C19CB100CE256A /* FullScreenPhotoVC.swift */,
			);
			path = Fullscreen;
			sourceTree = "<group>";
		};
		B7FB6E3B260B70D6005B31C8 /* Cell */ = {
			isa = PBXGroup;
			children = (
				B7795585259A7604006E07B1 /* FriendPhotoCollectionViewCell.swift */,
			);
			path = Cell;
			sourceTree = "<group>";
		};
		B7FB6E3D260B71FD005B31C8 /* Cell */ = {
			isa = PBXGroup;
			children = (
				B779558C259B5027006E07B1 /* MyFriendsTableViewCell.swift */,
			);
			path = Cell;
			sourceTree = "<group>";
		};
		B7FB6E3E260B720E005B31C8 /* Cell */ = {
			isa = PBXGroup;
			children = (
				B779556E259A62F9006E07B1 /* MyGroupsTableViewCell.swift */,
			);
			path = Cell;
			sourceTree = "<group>";
		};
		B7FB6E3F260B7216005B31C8 /* Cell */ = {
			isa = PBXGroup;
			children = (
				B7795567259A45D0006E07B1 /* AllGroupsTableViewCell.swift */,
			);
			path = Cell;
			sourceTree = "<group>";
		};
		B7FB6E7E260F8BF3005B31C8 /* Parsers */ = {
			isa = PBXGroup;
			children = (
				B7FB6E7F260F8C0D005B31C8 /* Likes.swift */,
				B7FB6E83260F93A5005B31C8 /* Comments.swift */,
				B7FB6E86260F9647005B31C8 /* Reposts.swift */,
				B7FB6E89260F9762005B31C8 /* Views.swift */,
			);
			path = Parsers;
			sourceTree = "<group>";
		};
		B7FB6E94261C719B005B31C8 /* Operations */ = {
			isa = PBXGroup;
			children = (
				B7FB6E95261C71AF005B31C8 /* AsyncOperation.swift */,
				B7FB6E99261C7470005B31C8 /* RequestDataOperation.swift */,
				B7FB6E9C261C7D51005B31C8 /* ParseDataOperation.swift */,
				B7FB6E9F261C813B005B31C8 /* SavingToRealmOperation.swift */,
			);
			path = Operations;
			sourceTree = "<group>";
		};
/* End PBXGroup section */

/* Begin PBXNativeTarget section */
		B76069D125920427005E1F03 /* VKapp */ = {
			isa = PBXNativeTarget;
			buildConfigurationList = B76069E625920427005E1F03 /* Build configuration list for PBXNativeTarget "VKapp" */;
			buildPhases = (
				F8657E6A1B532A1649067626 /* [CP] Check Pods Manifest.lock */,
				B76069CE25920427005E1F03 /* Sources */,
				B76069CF25920427005E1F03 /* Frameworks */,
				B76069D025920427005E1F03 /* Resources */,
				8323CD6C5C6DF4B709FF02D1 /* [CP] Embed Pods Frameworks */,
				B78FFB4B26029ACC00C8CF7B /* ShellScript */,
			);
			buildRules = (
			);
			dependencies = (
			);
			name = VKapp;
			productName = VKapp;
			productReference = B76069D225920427005E1F03 /* VKapp.app */;
			productType = "com.apple.product-type.application";
		};
/* End PBXNativeTarget section */

/* Begin PBXProject section */
		B76069CA25920427005E1F03 /* Project object */ = {
			isa = PBXProject;
			attributes = {
				LastSwiftUpdateCheck = 1230;
				LastUpgradeCheck = 1230;
				TargetAttributes = {
					B76069D125920427005E1F03 = {
						CreatedOnToolsVersion = 12.3;
					};
				};
			};
			buildConfigurationList = B76069CD25920427005E1F03 /* Build configuration list for PBXProject "VKapp" */;
			compatibilityVersion = "Xcode 9.3";
			developmentRegion = en;
			hasScannedForEncodings = 0;
			knownRegions = (
				en,
				Base,
			);
			mainGroup = B76069C925920427005E1F03;
			productRefGroup = B76069D325920427005E1F03 /* Products */;
			projectDirPath = "";
			projectRoot = "";
			targets = (
				B76069D125920427005E1F03 /* VKapp */,
			);
		};
/* End PBXProject section */

/* Begin PBXResourcesBuildPhase section */
		B76069D025920427005E1F03 /* Resources */ = {
			isa = PBXResourcesBuildPhase;
			buildActionMask = 2147483647;
			files = (
				B7FB6E23260A21C7005B31C8 /* NewsHeaderView.xib in Resources */,
				B76069E225920427005E1F03 /* LaunchScreen.storyboard in Resources */,
				B76069DF25920427005E1F03 /* Assets.xcassets in Resources */,
				B7FB6E20260A21B5005B31C8 /* NewsFooterView.xib in Resources */,
				B76069DD25920427005E1F03 /* Main.storyboard in Resources */,
				B7FB6E53260B7E17005B31C8 /* NewsPhotoTableViewCell.xib in Resources */,
			);
			runOnlyForDeploymentPostprocessing = 0;
		};
/* End PBXResourcesBuildPhase section */

/* Begin PBXShellScriptBuildPhase section */
		8323CD6C5C6DF4B709FF02D1 /* [CP] Embed Pods Frameworks */ = {
			isa = PBXShellScriptBuildPhase;
			buildActionMask = 2147483647;
			files = (
			);
			inputFileListPaths = (
				"${PODS_ROOT}/Target Support Files/Pods-VKapp/Pods-VKapp-frameworks-${CONFIGURATION}-input-files.xcfilelist",
			);
			name = "[CP] Embed Pods Frameworks";
			outputFileListPaths = (
				"${PODS_ROOT}/Target Support Files/Pods-VKapp/Pods-VKapp-frameworks-${CONFIGURATION}-output-files.xcfilelist",
			);
			runOnlyForDeploymentPostprocessing = 0;
			shellPath = /bin/sh;
			shellScript = "\"${PODS_ROOT}/Target Support Files/Pods-VKapp/Pods-VKapp-frameworks.sh\"\n";
			showEnvVarsInLog = 0;
		};
		B78FFB4B26029ACC00C8CF7B /* ShellScript */ = {
			isa = PBXShellScriptBuildPhase;
			buildActionMask = 2147483647;
			files = (
			);
			inputFileListPaths = (
			);
			inputPaths = (
			);
			outputFileListPaths = (
			);
			outputPaths = (
			);
			runOnlyForDeploymentPostprocessing = 0;
			shellPath = /bin/sh;
			shellScript = "${PODS_ROOT}/SwiftLint/swiftlint\n";
		};
		F8657E6A1B532A1649067626 /* [CP] Check Pods Manifest.lock */ = {
			isa = PBXShellScriptBuildPhase;
			buildActionMask = 2147483647;
			files = (
			);
			inputFileListPaths = (
			);
			inputPaths = (
				"${PODS_PODFILE_DIR_PATH}/Podfile.lock",
				"${PODS_ROOT}/Manifest.lock",
			);
			name = "[CP] Check Pods Manifest.lock";
			outputFileListPaths = (
			);
			outputPaths = (
				"$(DERIVED_FILE_DIR)/Pods-VKapp-checkManifestLockResult.txt",
			);
			runOnlyForDeploymentPostprocessing = 0;
			shellPath = /bin/sh;
			shellScript = "diff \"${PODS_PODFILE_DIR_PATH}/Podfile.lock\" \"${PODS_ROOT}/Manifest.lock\" > /dev/null\nif [ $? != 0 ] ; then\n    # print error to STDERR\n    echo \"error: The sandbox is not in sync with the Podfile.lock. Run 'pod install' or update your CocoaPods installation.\" >&2\n    exit 1\nfi\n# This output is used by Xcode 'outputs' to avoid re-running this script phase.\necho \"SUCCESS\" > \"${SCRIPT_OUTPUT_FILE_0}\"\n";
			showEnvVarsInLog = 0;
		};
/* End PBXShellScriptBuildPhase section */

/* Begin PBXSourcesBuildPhase section */
		B76069CE25920427005E1F03 /* Sources */ = {
			isa = PBXSourcesBuildPhase;
			buildActionMask = 2147483647;
			files = (
				B768A07025D03500005C069E /* CatLoadingView.swift in Sources */,
				B7CA8CF225C19CB100CE256A /* FullScreenPhotoVC.swift in Sources */,
				B769DBED25C96DA800E0E864 /* PushCustomNC.swift in Sources */,
				B7FB6E19260A218C005B31C8 /* NewsHeaderView.swift in Sources */,
				B7FB6EA0261C813B005B31C8 /* SavingToRealmOperation.swift in Sources */,
				B76069D625920427005E1F03 /* AppDelegate.swift in Sources */,
				B79B16E525F79B3A001DA787 /* RealmManager.swift in Sources */,
				B769DBF325C9AC6C00E0E864 /* InteractiveTransition.swift in Sources */,
				B779558A259B500B006E07B1 /* FriendListTableViewController.swift in Sources */,
				B7FB6E8A260F9762005B31C8 /* Views.swift in Sources */,
				B7FB6E9D261C7D51005B31C8 /* ParseDataOperation.swift in Sources */,
				B7FB6DB02607E0DB005B31C8 /* NewsViewController.swift in Sources */,
				B751CBE225A44A6F00919820 /* LikeButtonUIButton.swift in Sources */,
				B79B16D125DFE644001DA787 /* Group.swift in Sources */,
				B7FB6D882603A142005B31C8 /* SingleAlbumCollectionViewLayout.swift in Sources */,
				B768A07A25D5444F005C069E /* WKViewController.swift in Sources */,
				B769DBF025C96DCD00E0E864 /* PopCustomNC.swift in Sources */,
				B7FB6E52260B7E17005B31C8 /* NewsPhotoTableViewCell.swift in Sources */,
				B7FB6E84260F93A5005B31C8 /* Comments.swift in Sources */,
				B7FB6E87260F9647005B31C8 /* Reposts.swift in Sources */,
				B76069D825920427005E1F03 /* SceneDelegate.swift in Sources */,
				B7FFEED125DBFF8C006959EC /* User.swift in Sources */,
				B779556C259A62DB006E07B1 /* MyGroupsTableViewController.swift in Sources */,
				B768A04E25CC19B4005C069E /* AppExtensions.swift in Sources */,
				B7FB6DA82607A8E1005B31C8 /* GradienView.swift in Sources */,
				B7FB6E6A260E7907005B31C8 /* NewsfeedService.swift in Sources */,
				B7FB6E1D260A21A2005B31C8 /* NewsFooterView.swift in Sources */,
				B7FB6E70260E828B005B31C8 /* NewsPhotoModel.swift in Sources */,
				B7FB6DBC2607E463005B31C8 /* Constants.swift in Sources */,
				B7FB6E9A261C7470005B31C8 /* RequestDataOperation.swift in Sources */,
				B768A07725D5412E005C069E /* NetworkManager.swift in Sources */,
				B7795564259A45A2006E07B1 /* AllGroupsTableViewController.swift in Sources */,
				B779557E259A7238006E07B1 /* FriendPhotoCollectionViewController.swift in Sources */,
				B76069EC259204BA005E1F03 /* LoginVC.swift in Sources */,
				B7D6A61326374A7100171F92 /* NewsPostTableViewCell.swift in Sources */,
				B7795586259A7604006E07B1 /* FriendPhotoCollectionViewCell.swift in Sources */,
				B768A06525D01E02005C069E /* Session.swift in Sources */,
				B79B16CE25DF280F001DA787 /* Profile.swift in Sources */,
				B7FB6E96261C71B0005B31C8 /* AsyncOperation.swift in Sources */,
				B769DBEA25C96D8E00E0E864 /* CustomNavigationController.swift in Sources */,
				B751CBF525B46F8B00919820 /* CharPicker.swift in Sources */,
				B7FB6EE42620AD81005B31C8 /* PhotoService.swift in Sources */,
				B79B16CA25DEFF91001DA787 /* Photos.swift in Sources */,
				B7FB6E80260F8C0D005B31C8 /* Likes.swift in Sources */,
				B751CBD725A3A7B300919820 /* CustomImage.swift in Sources */,
				B777C46D2639C89200C3711A /* Structs.swift in Sources */,
				B7FB6E6D260E826E005B31C8 /* NewsPostModel.swift in Sources */,
				B779555D25950546006E07B1 /* RegistrationVC.swift in Sources */,
				B7795568259A45D0006E07B1 /* AllGroupsTableViewCell.swift in Sources */,
				B779558D259B5027006E07B1 /* MyFriendsTableViewCell.swift in Sources */,
				B779556F259A62F9006E07B1 /* MyGroupsTableViewCell.swift in Sources */,
			);
			runOnlyForDeploymentPostprocessing = 0;
		};
/* End PBXSourcesBuildPhase section */

/* Begin PBXVariantGroup section */
		B76069DB25920427005E1F03 /* Main.storyboard */ = {
			isa = PBXVariantGroup;
			children = (
				B76069DC25920427005E1F03 /* Base */,
			);
			name = Main.storyboard;
			sourceTree = "<group>";
		};
		B76069E025920427005E1F03 /* LaunchScreen.storyboard */ = {
			isa = PBXVariantGroup;
			children = (
				B76069E125920427005E1F03 /* Base */,
			);
			name = LaunchScreen.storyboard;
			sourceTree = "<group>";
		};
/* End PBXVariantGroup section */

/* Begin XCBuildConfiguration section */
		B76069E425920427005E1F03 /* Debug */ = {
			isa = XCBuildConfiguration;
			buildSettings = {
				ALWAYS_SEARCH_USER_PATHS = NO;
				CLANG_ANALYZER_NONNULL = YES;
				CLANG_ANALYZER_NUMBER_OBJECT_CONVERSION = YES_AGGRESSIVE;
				CLANG_CXX_LANGUAGE_STANDARD = "gnu++14";
				CLANG_CXX_LIBRARY = "libc++";
				CLANG_ENABLE_MODULES = YES;
				CLANG_ENABLE_OBJC_ARC = YES;
				CLANG_ENABLE_OBJC_WEAK = YES;
				CLANG_WARN_BLOCK_CAPTURE_AUTORELEASING = YES;
				CLANG_WARN_BOOL_CONVERSION = YES;
				CLANG_WARN_COMMA = YES;
				CLANG_WARN_CONSTANT_CONVERSION = YES;
				CLANG_WARN_DEPRECATED_OBJC_IMPLEMENTATIONS = YES;
				CLANG_WARN_DIRECT_OBJC_ISA_USAGE = YES_ERROR;
				CLANG_WARN_DOCUMENTATION_COMMENTS = YES;
				CLANG_WARN_EMPTY_BODY = YES;
				CLANG_WARN_ENUM_CONVERSION = YES;
				CLANG_WARN_INFINITE_RECURSION = YES;
				CLANG_WARN_INT_CONVERSION = YES;
				CLANG_WARN_NON_LITERAL_NULL_CONVERSION = YES;
				CLANG_WARN_OBJC_IMPLICIT_RETAIN_SELF = YES;
				CLANG_WARN_OBJC_LITERAL_CONVERSION = YES;
				CLANG_WARN_OBJC_ROOT_CLASS = YES_ERROR;
				CLANG_WARN_QUOTED_INCLUDE_IN_FRAMEWORK_HEADER = YES;
				CLANG_WARN_RANGE_LOOP_ANALYSIS = YES;
				CLANG_WARN_STRICT_PROTOTYPES = YES;
				CLANG_WARN_SUSPICIOUS_MOVE = YES;
				CLANG_WARN_UNGUARDED_AVAILABILITY = YES_AGGRESSIVE;
				CLANG_WARN_UNREACHABLE_CODE = YES;
				CLANG_WARN__DUPLICATE_METHOD_MATCH = YES;
				COPY_PHASE_STRIP = NO;
				DEBUG_INFORMATION_FORMAT = dwarf;
				ENABLE_STRICT_OBJC_MSGSEND = YES;
				ENABLE_TESTABILITY = YES;
				GCC_C_LANGUAGE_STANDARD = gnu11;
				GCC_DYNAMIC_NO_PIC = NO;
				GCC_NO_COMMON_BLOCKS = YES;
				GCC_OPTIMIZATION_LEVEL = 0;
				GCC_PREPROCESSOR_DEFINITIONS = (
					"DEBUG=1",
					"$(inherited)",
				);
				GCC_WARN_64_TO_32_BIT_CONVERSION = YES;
				GCC_WARN_ABOUT_RETURN_TYPE = YES_ERROR;
				GCC_WARN_UNDECLARED_SELECTOR = YES;
				GCC_WARN_UNINITIALIZED_AUTOS = YES_AGGRESSIVE;
				GCC_WARN_UNUSED_FUNCTION = YES;
				GCC_WARN_UNUSED_VARIABLE = YES;
				IPHONEOS_DEPLOYMENT_TARGET = 13.0;
				MTL_ENABLE_DEBUG_INFO = INCLUDE_SOURCE;
				MTL_FAST_MATH = YES;
				ONLY_ACTIVE_ARCH = YES;
				SDKROOT = iphoneos;
				SWIFT_ACTIVE_COMPILATION_CONDITIONS = DEBUG;
				SWIFT_OPTIMIZATION_LEVEL = "-Onone";
			};
			name = Debug;
		};
		B76069E525920427005E1F03 /* Release */ = {
			isa = XCBuildConfiguration;
			buildSettings = {
				ALWAYS_SEARCH_USER_PATHS = NO;
				CLANG_ANALYZER_NONNULL = YES;
				CLANG_ANALYZER_NUMBER_OBJECT_CONVERSION = YES_AGGRESSIVE;
				CLANG_CXX_LANGUAGE_STANDARD = "gnu++14";
				CLANG_CXX_LIBRARY = "libc++";
				CLANG_ENABLE_MODULES = YES;
				CLANG_ENABLE_OBJC_ARC = YES;
				CLANG_ENABLE_OBJC_WEAK = YES;
				CLANG_WARN_BLOCK_CAPTURE_AUTORELEASING = YES;
				CLANG_WARN_BOOL_CONVERSION = YES;
				CLANG_WARN_COMMA = YES;
				CLANG_WARN_CONSTANT_CONVERSION = YES;
				CLANG_WARN_DEPRECATED_OBJC_IMPLEMENTATIONS = YES;
				CLANG_WARN_DIRECT_OBJC_ISA_USAGE = YES_ERROR;
				CLANG_WARN_DOCUMENTATION_COMMENTS = YES;
				CLANG_WARN_EMPTY_BODY = YES;
				CLANG_WARN_ENUM_CONVERSION = YES;
				CLANG_WARN_INFINITE_RECURSION = YES;
				CLANG_WARN_INT_CONVERSION = YES;
				CLANG_WARN_NON_LITERAL_NULL_CONVERSION = YES;
				CLANG_WARN_OBJC_IMPLICIT_RETAIN_SELF = YES;
				CLANG_WARN_OBJC_LITERAL_CONVERSION = YES;
				CLANG_WARN_OBJC_ROOT_CLASS = YES_ERROR;
				CLANG_WARN_QUOTED_INCLUDE_IN_FRAMEWORK_HEADER = YES;
				CLANG_WARN_RANGE_LOOP_ANALYSIS = YES;
				CLANG_WARN_STRICT_PROTOTYPES = YES;
				CLANG_WARN_SUSPICIOUS_MOVE = YES;
				CLANG_WARN_UNGUARDED_AVAILABILITY = YES_AGGRESSIVE;
				CLANG_WARN_UNREACHABLE_CODE = YES;
				CLANG_WARN__DUPLICATE_METHOD_MATCH = YES;
				COPY_PHASE_STRIP = NO;
				DEBUG_INFORMATION_FORMAT = "dwarf-with-dsym";
				ENABLE_NS_ASSERTIONS = NO;
				ENABLE_STRICT_OBJC_MSGSEND = YES;
				GCC_C_LANGUAGE_STANDARD = gnu11;
				GCC_NO_COMMON_BLOCKS = YES;
				GCC_WARN_64_TO_32_BIT_CONVERSION = YES;
				GCC_WARN_ABOUT_RETURN_TYPE = YES_ERROR;
				GCC_WARN_UNDECLARED_SELECTOR = YES;
				GCC_WARN_UNINITIALIZED_AUTOS = YES_AGGRESSIVE;
				GCC_WARN_UNUSED_FUNCTION = YES;
				GCC_WARN_UNUSED_VARIABLE = YES;
				IPHONEOS_DEPLOYMENT_TARGET = 13.0;
				MTL_ENABLE_DEBUG_INFO = NO;
				MTL_FAST_MATH = YES;
				SDKROOT = iphoneos;
				SWIFT_COMPILATION_MODE = wholemodule;
				SWIFT_OPTIMIZATION_LEVEL = "-O";
				VALIDATE_PRODUCT = YES;
			};
			name = Release;
		};
		B76069E725920427005E1F03 /* Debug */ = {
			isa = XCBuildConfiguration;
			baseConfigurationReference = 389D77A31E15EEAA1DB185DD /* Pods-VKapp.debug.xcconfig */;
			buildSettings = {
				ASSETCATALOG_COMPILER_APPICON_NAME = AppIcon;
				ASSETCATALOG_COMPILER_GLOBAL_ACCENT_COLOR_NAME = AccentColor;
				CODE_SIGN_IDENTITY = "Apple Development";
				CODE_SIGN_STYLE = Automatic;
				DEVELOPMENT_TEAM = P88D7RG3CN;
				INFOPLIST_FILE = VKapp/Info.plist;
				IPHONEOS_DEPLOYMENT_TARGET = 14.4;
				LD_RUNPATH_SEARCH_PATHS = (
					"$(inherited)",
					"@executable_path/Frameworks",
				);
				PRODUCT_BUNDLE_IDENTIFIER = com.learning.swift.VKapp;
				PRODUCT_NAME = "$(TARGET_NAME)";
				PROVISIONING_PROFILE_SPECIFIER = "";
				SWIFT_VERSION = 5.0;
				TARGETED_DEVICE_FAMILY = 1;
			};
			name = Debug;
		};
		B76069E825920427005E1F03 /* Release */ = {
			isa = XCBuildConfiguration;
			baseConfigurationReference = 14E6AF7D5EBE48DF0B96F8A4 /* Pods-VKapp.release.xcconfig */;
			buildSettings = {
				ASSETCATALOG_COMPILER_APPICON_NAME = AppIcon;
				ASSETCATALOG_COMPILER_GLOBAL_ACCENT_COLOR_NAME = AccentColor;
				CODE_SIGN_IDENTITY = "Apple Development";
				CODE_SIGN_STYLE = Automatic;
				DEVELOPMENT_TEAM = P88D7RG3CN;
				INFOPLIST_FILE = VKapp/Info.plist;
				IPHONEOS_DEPLOYMENT_TARGET = 14.4;
				LD_RUNPATH_SEARCH_PATHS = (
					"$(inherited)",
					"@executable_path/Frameworks",
				);
				PRODUCT_BUNDLE_IDENTIFIER = com.learning.swift.VKapp;
				PRODUCT_NAME = "$(TARGET_NAME)";
				PROVISIONING_PROFILE_SPECIFIER = "";
				SWIFT_VERSION = 5.0;
				TARGETED_DEVICE_FAMILY = 1;
			};
			name = Release;
		};
/* End XCBuildConfiguration section */

/* Begin XCConfigurationList section */
		B76069CD25920427005E1F03 /* Build configuration list for PBXProject "VKapp" */ = {
			isa = XCConfigurationList;
			buildConfigurations = (
				B76069E425920427005E1F03 /* Debug */,
				B76069E525920427005E1F03 /* Release */,
			);
			defaultConfigurationIsVisible = 0;
			defaultConfigurationName = Release;
		};
		B76069E625920427005E1F03 /* Build configuration list for PBXNativeTarget "VKapp" */ = {
			isa = XCConfigurationList;
			buildConfigurations = (
				B76069E725920427005E1F03 /* Debug */,
				B76069E825920427005E1F03 /* Release */,
			);
			defaultConfigurationIsVisible = 0;
			defaultConfigurationName = Release;
		};
/* End XCConfigurationList section */
	};
	rootObject = B76069CA25920427005E1F03 /* Project object */;
}
